// !$*UTF8*$!
{
	archiveVersion = 1;
	classes = {
	};
	objectVersion = 56;
	objects = {

/* Begin PBXBuildFile section */
		B20111C72AE1AF360019F1E8 /* Bookstore_LuciaApp.swift in Sources */ = {isa = PBXBuildFile; fileRef = B20111C62AE1AF360019F1E8 /* Bookstore_LuciaApp.swift */; };
		B20111C92AE1AF360019F1E8 /* ContentView.swift in Sources */ = {isa = PBXBuildFile; fileRef = B20111C82AE1AF360019F1E8 /* ContentView.swift */; };
		B20111CB2AE1AF370019F1E8 /* Assets.xcassets in Resources */ = {isa = PBXBuildFile; fileRef = B20111CA2AE1AF370019F1E8 /* Assets.xcassets */; };
		B20111CE2AE1AF370019F1E8 /* Preview Assets.xcassets in Resources */ = {isa = PBXBuildFile; fileRef = B20111CD2AE1AF370019F1E8 /* Preview Assets.xcassets */; };
		B20111D82AE1AF370019F1E8 /* Bookstore_LuciaTests.swift in Sources */ = {isa = PBXBuildFile; fileRef = B20111D72AE1AF370019F1E8 /* Bookstore_LuciaTests.swift */; };
		B20111E22AE1AF370019F1E8 /* Bookstore_LuciaUITests.swift in Sources */ = {isa = PBXBuildFile; fileRef = B20111E12AE1AF370019F1E8 /* Bookstore_LuciaUITests.swift */; };
		B20111E42AE1AF370019F1E8 /* Bookstore_LuciaUITestsLaunchTests.swift in Sources */ = {isa = PBXBuildFile; fileRef = B20111E32AE1AF370019F1E8 /* Bookstore_LuciaUITestsLaunchTests.swift */; };
		B20111F22AE1AF760019F1E8 /* Alamofire in Frameworks */ = {isa = PBXBuildFile; productRef = B20111F12AE1AF760019F1E8 /* Alamofire */; };
		B20111F72AE1B1100019F1E8 /* Book.swift in Sources */ = {isa = PBXBuildFile; fileRef = B20111F62AE1B1100019F1E8 /* Book.swift */; };
		B20111F92AE1B1A30019F1E8 /* BookDetailView.swift in Sources */ = {isa = PBXBuildFile; fileRef = B20111F82AE1B1A30019F1E8 /* BookDetailView.swift */; };
		B20E42C72AE2A78C0004F074 /* APIManager.swift in Sources */ = {isa = PBXBuildFile; fileRef = B20E42C62AE2A78C0004F074 /* APIManager.swift */; };
		B2B30CBD2AE2802D0069E74F /* Localizable.strings in Resources */ = {isa = PBXBuildFile; fileRef = B2B30CBF2AE2802D0069E74F /* Localizable.strings */; };
		B2B30CC12AE286050069E74F /* BookRow.swift in Sources */ = {isa = PBXBuildFile; fileRef = B2B30CC02AE286050069E74F /* BookRow.swift */; };
		B2B30CC32AE289870069E74F /* URLImageView.swift in Sources */ = {isa = PBXBuildFile; fileRef = B2B30CC22AE289870069E74F /* URLImageView.swift */; };
/* End PBXBuildFile section */

/* Begin PBXContainerItemProxy section */
		B20111D42AE1AF370019F1E8 /* PBXContainerItemProxy */ = {
			isa = PBXContainerItemProxy;
			containerPortal = B20111BB2AE1AF360019F1E8 /* Project object */;
			proxyType = 1;
			remoteGlobalIDString = B20111C22AE1AF360019F1E8;
			remoteInfo = Bookstore_Lucia;
		};
		B20111DE2AE1AF370019F1E8 /* PBXContainerItemProxy */ = {
			isa = PBXContainerItemProxy;
			containerPortal = B20111BB2AE1AF360019F1E8 /* Project object */;
			proxyType = 1;
			remoteGlobalIDString = B20111C22AE1AF360019F1E8;
			remoteInfo = Bookstore_Lucia;
		};
/* End PBXContainerItemProxy section */

/* Begin PBXFileReference section */
		B20111C32AE1AF360019F1E8 /* Bookstore_Lucia.app */ = {isa = PBXFileReference; explicitFileType = wrapper.application; includeInIndex = 0; path = Bookstore_Lucia.app; sourceTree = BUILT_PRODUCTS_DIR; };
		B20111C62AE1AF360019F1E8 /* Bookstore_LuciaApp.swift */ = {isa = PBXFileReference; lastKnownFileType = sourcecode.swift; path = Bookstore_LuciaApp.swift; sourceTree = "<group>"; };
		B20111C82AE1AF360019F1E8 /* ContentView.swift */ = {isa = PBXFileReference; lastKnownFileType = sourcecode.swift; path = ContentView.swift; sourceTree = "<group>"; };
		B20111CA2AE1AF370019F1E8 /* Assets.xcassets */ = {isa = PBXFileReference; lastKnownFileType = folder.assetcatalog; path = Assets.xcassets; sourceTree = "<group>"; };
		B20111CD2AE1AF370019F1E8 /* Preview Assets.xcassets */ = {isa = PBXFileReference; lastKnownFileType = folder.assetcatalog; path = "Preview Assets.xcassets"; sourceTree = "<group>"; };
		B20111D32AE1AF370019F1E8 /* Bookstore_LuciaTests.xctest */ = {isa = PBXFileReference; explicitFileType = wrapper.cfbundle; includeInIndex = 0; path = Bookstore_LuciaTests.xctest; sourceTree = BUILT_PRODUCTS_DIR; };
		B20111D72AE1AF370019F1E8 /* Bookstore_LuciaTests.swift */ = {isa = PBXFileReference; lastKnownFileType = sourcecode.swift; path = Bookstore_LuciaTests.swift; sourceTree = "<group>"; };
		B20111DD2AE1AF370019F1E8 /* Bookstore_LuciaUITests.xctest */ = {isa = PBXFileReference; explicitFileType = wrapper.cfbundle; includeInIndex = 0; path = Bookstore_LuciaUITests.xctest; sourceTree = BUILT_PRODUCTS_DIR; };
		B20111E12AE1AF370019F1E8 /* Bookstore_LuciaUITests.swift */ = {isa = PBXFileReference; lastKnownFileType = sourcecode.swift; path = Bookstore_LuciaUITests.swift; sourceTree = "<group>"; };
		B20111E32AE1AF370019F1E8 /* Bookstore_LuciaUITestsLaunchTests.swift */ = {isa = PBXFileReference; lastKnownFileType = sourcecode.swift; path = Bookstore_LuciaUITestsLaunchTests.swift; sourceTree = "<group>"; };
		B20111F62AE1B1100019F1E8 /* Book.swift */ = {isa = PBXFileReference; lastKnownFileType = sourcecode.swift; path = Book.swift; sourceTree = "<group>"; };
		B20111F82AE1B1A30019F1E8 /* BookDetailView.swift */ = {isa = PBXFileReference; lastKnownFileType = sourcecode.swift; path = BookDetailView.swift; sourceTree = "<group>"; };
		B20E42C62AE2A78C0004F074 /* APIManager.swift */ = {isa = PBXFileReference; lastKnownFileType = sourcecode.swift; path = APIManager.swift; sourceTree = "<group>"; };
		B20E42C82AE2AF710004F074 /* Bookstore-LuciaTests-Info.plist */ = {isa = PBXFileReference; lastKnownFileType = text.plist; path = "Bookstore-LuciaTests-Info.plist"; sourceTree = SOURCE_ROOT; };
		B20E42C92AE2AF980004F074 /* Bookstore-LuciaUITests-Info.plist */ = {isa = PBXFileReference; lastKnownFileType = text.plist; path = "Bookstore-LuciaUITests-Info.plist"; sourceTree = SOURCE_ROOT; };
		B2B30CBE2AE2802D0069E74F /* en */ = {isa = PBXFileReference; lastKnownFileType = text.plist.strings; name = en; path = en.lproj/Localizable.strings; sourceTree = "<group>"; };
		B2B30CC02AE286050069E74F /* BookRow.swift */ = {isa = PBXFileReference; lastKnownFileType = sourcecode.swift; path = BookRow.swift; sourceTree = "<group>"; };
		B2B30CC22AE289870069E74F /* URLImageView.swift */ = {isa = PBXFileReference; lastKnownFileType = sourcecode.swift; path = URLImageView.swift; sourceTree = "<group>"; };
		B2B30CC42AE28AF50069E74F /* Bookstore-Lucia-Info.plist */ = {isa = PBXFileReference; lastKnownFileType = text.plist; path = "Bookstore-Lucia-Info.plist"; sourceTree = SOURCE_ROOT; };
/* End PBXFileReference section */

/* Begin PBXFrameworksBuildPhase section */
		B20111C02AE1AF360019F1E8 /* Frameworks */ = {
			isa = PBXFrameworksBuildPhase;
			buildActionMask = 2147483647;
			files = (
				B20111F22AE1AF760019F1E8 /* Alamofire in Frameworks */,
			);
			runOnlyForDeploymentPostprocessing = 0;
		};
		B20111D02AE1AF370019F1E8 /* Frameworks */ = {
			isa = PBXFrameworksBuildPhase;
			buildActionMask = 2147483647;
			files = (
			);
			runOnlyForDeploymentPostprocessing = 0;
		};
		B20111DA2AE1AF370019F1E8 /* Frameworks */ = {
			isa = PBXFrameworksBuildPhase;
			buildActionMask = 2147483647;
			files = (
			);
			runOnlyForDeploymentPostprocessing = 0;
		};
/* End PBXFrameworksBuildPhase section */

/* Begin PBXGroup section */
		B20111BA2AE1AF360019F1E8 = {
			isa = PBXGroup;
			children = (
				B2B30CBF2AE2802D0069E74F /* Localizable.strings */,
				B20111F52AE1AF8F0019F1E8 /* APIManager */,
				B20111F42AE1AF870019F1E8 /* Views */,
				B20111F32AE1AF7F0019F1E8 /* Models */,
				B20111C52AE1AF360019F1E8 /* Bookstore_Lucia */,
				B20111D62AE1AF370019F1E8 /* Bookstore_LuciaTests */,
				B20111E02AE1AF370019F1E8 /* Bookstore_LuciaUITests */,
				B20111C42AE1AF360019F1E8 /* Products */,
			);
			sourceTree = "<group>";
		};
		B20111C42AE1AF360019F1E8 /* Products */ = {
			isa = PBXGroup;
			children = (
				B20111C32AE1AF360019F1E8 /* Bookstore_Lucia.app */,
				B20111D32AE1AF370019F1E8 /* Bookstore_LuciaTests.xctest */,
				B20111DD2AE1AF370019F1E8 /* Bookstore_LuciaUITests.xctest */,
			);
			name = Products;
			sourceTree = "<group>";
		};
		B20111C52AE1AF360019F1E8 /* Bookstore_Lucia */ = {
			isa = PBXGroup;
			children = (
				B20111C82AE1AF360019F1E8 /* ContentView.swift */,
				B20111F82AE1B1A30019F1E8 /* BookDetailView.swift */,
				B20111C62AE1AF360019F1E8 /* Bookstore_LuciaApp.swift */,
				B20111CA2AE1AF370019F1E8 /* Assets.xcassets */,
				B2B30CC42AE28AF50069E74F /* Bookstore-Lucia-Info.plist */,
				B20111CC2AE1AF370019F1E8 /* Preview Content */,
			);
			path = Bookstore_Lucia;
			sourceTree = "<group>";
		};
		B20111CC2AE1AF370019F1E8 /* Preview Content */ = {
			isa = PBXGroup;
			children = (
				B20111CD2AE1AF370019F1E8 /* Preview Assets.xcassets */,
			);
			path = "Preview Content";
			sourceTree = "<group>";
		};
		B20111D62AE1AF370019F1E8 /* Bookstore_LuciaTests */ = {
			isa = PBXGroup;
			children = (
				B20E42C82AE2AF710004F074 /* Bookstore-LuciaTests-Info.plist */,
				B20111D72AE1AF370019F1E8 /* Bookstore_LuciaTests.swift */,
			);
			path = Bookstore_LuciaTests;
			sourceTree = "<group>";
		};
		B20111E02AE1AF370019F1E8 /* Bookstore_LuciaUITests */ = {
			isa = PBXGroup;
			children = (
				B20E42C92AE2AF980004F074 /* Bookstore-LuciaUITests-Info.plist */,
				B20111E12AE1AF370019F1E8 /* Bookstore_LuciaUITests.swift */,
				B20111E32AE1AF370019F1E8 /* Bookstore_LuciaUITestsLaunchTests.swift */,
			);
			path = Bookstore_LuciaUITests;
			sourceTree = "<group>";
		};
		B20111F32AE1AF7F0019F1E8 /* Models */ = {
			isa = PBXGroup;
			children = (
				B20111F62AE1B1100019F1E8 /* Book.swift */,
				B2B30CC02AE286050069E74F /* BookRow.swift */,
			);
			path = Models;
			sourceTree = "<group>";
		};
		B20111F42AE1AF870019F1E8 /* Views */ = {
			isa = PBXGroup;
			children = (
				B2B30CC22AE289870069E74F /* URLImageView.swift */,
			);
			path = Views;
			sourceTree = "<group>";
		};
		B20111F52AE1AF8F0019F1E8 /* APIManager */ = {
			isa = PBXGroup;
			children = (
				B20E42C62AE2A78C0004F074 /* APIManager.swift */,
			);
			path = APIManager;
			sourceTree = "<group>";
		};
/* End PBXGroup section */

/* Begin PBXNativeTarget section */
		B20111C22AE1AF360019F1E8 /* Bookstore_Lucia */ = {
			isa = PBXNativeTarget;
			buildConfigurationList = B20111E72AE1AF370019F1E8 /* Build configuration list for PBXNativeTarget "Bookstore_Lucia" */;
			buildPhases = (
				B20111BF2AE1AF360019F1E8 /* Sources */,
				B20111C02AE1AF360019F1E8 /* Frameworks */,
				B20111C12AE1AF360019F1E8 /* Resources */,
			);
			buildRules = (
			);
			dependencies = (
			);
			name = Bookstore_Lucia;
			packageProductDependencies = (
				B20111F12AE1AF760019F1E8 /* Alamofire */,
			);
			productName = Bookstore_Lucia;
			productReference = B20111C32AE1AF360019F1E8 /* Bookstore_Lucia.app */;
			productType = "com.apple.product-type.application";
		};
		B20111D22AE1AF370019F1E8 /* Bookstore_LuciaTests */ = {
			isa = PBXNativeTarget;
			buildConfigurationList = B20111EA2AE1AF370019F1E8 /* Build configuration list for PBXNativeTarget "Bookstore_LuciaTests" */;
			buildPhases = (
				B20111CF2AE1AF370019F1E8 /* Sources */,
				B20111D02AE1AF370019F1E8 /* Frameworks */,
				B20111D12AE1AF370019F1E8 /* Resources */,
			);
			buildRules = (
			);
			dependencies = (
				B20111D52AE1AF370019F1E8 /* PBXTargetDependency */,
			);
			name = Bookstore_LuciaTests;
			productName = Bookstore_LuciaTests;
			productReference = B20111D32AE1AF370019F1E8 /* Bookstore_LuciaTests.xctest */;
			productType = "com.apple.product-type.bundle.unit-test";
		};
		B20111DC2AE1AF370019F1E8 /* Bookstore_LuciaUITests */ = {
			isa = PBXNativeTarget;
			buildConfigurationList = B20111ED2AE1AF370019F1E8 /* Build configuration list for PBXNativeTarget "Bookstore_LuciaUITests" */;
			buildPhases = (
				B20111D92AE1AF370019F1E8 /* Sources */,
				B20111DA2AE1AF370019F1E8 /* Frameworks */,
				B20111DB2AE1AF370019F1E8 /* Resources */,
			);
			buildRules = (
			);
			dependencies = (
				B20111DF2AE1AF370019F1E8 /* PBXTargetDependency */,
			);
			name = Bookstore_LuciaUITests;
			productName = Bookstore_LuciaUITests;
			productReference = B20111DD2AE1AF370019F1E8 /* Bookstore_LuciaUITests.xctest */;
			productType = "com.apple.product-type.bundle.ui-testing";
		};
/* End PBXNativeTarget section */

/* Begin PBXProject section */
		B20111BB2AE1AF360019F1E8 /* Project object */ = {
			isa = PBXProject;
			attributes = {
				BuildIndependentTargetsInParallel = 1;
				LastSwiftUpdateCheck = 1500;
				LastUpgradeCheck = 1500;
				TargetAttributes = {
					B20111C22AE1AF360019F1E8 = {
						CreatedOnToolsVersion = 15.0;
					};
					B20111D22AE1AF370019F1E8 = {
						CreatedOnToolsVersion = 15.0;
						TestTargetID = B20111C22AE1AF360019F1E8;
					};
					B20111DC2AE1AF370019F1E8 = {
						CreatedOnToolsVersion = 15.0;
						TestTargetID = B20111C22AE1AF360019F1E8;
					};
				};
			};
			buildConfigurationList = B20111BE2AE1AF360019F1E8 /* Build configuration list for PBXProject "Bookstore_Lucia" */;
			compatibilityVersion = "Xcode 14.0";
			developmentRegion = en;
			hasScannedForEncodings = 0;
			knownRegions = (
				en,
				Base,
			);
			mainGroup = B20111BA2AE1AF360019F1E8;
			packageReferences = (
				B20111F02AE1AF760019F1E8 /* XCRemoteSwiftPackageReference "Alamofire" */,
			);
			productRefGroup = B20111C42AE1AF360019F1E8 /* Products */;
			projectDirPath = "";
			projectRoot = "";
			targets = (
				B20111C22AE1AF360019F1E8 /* Bookstore_Lucia */,
				B20111D22AE1AF370019F1E8 /* Bookstore_LuciaTests */,
				B20111DC2AE1AF370019F1E8 /* Bookstore_LuciaUITests */,
			);
		};
/* End PBXProject section */

/* Begin PBXResourcesBuildPhase section */
		B20111C12AE1AF360019F1E8 /* Resources */ = {
			isa = PBXResourcesBuildPhase;
			buildActionMask = 2147483647;
			files = (
				B20111CE2AE1AF370019F1E8 /* Preview Assets.xcassets in Resources */,
				B2B30CBD2AE2802D0069E74F /* Localizable.strings in Resources */,
				B20111CB2AE1AF370019F1E8 /* Assets.xcassets in Resources */,
			);
			runOnlyForDeploymentPostprocessing = 0;
		};
		B20111D12AE1AF370019F1E8 /* Resources */ = {
			isa = PBXResourcesBuildPhase;
			buildActionMask = 2147483647;
			files = (
			);
			runOnlyForDeploymentPostprocessing = 0;
		};
		B20111DB2AE1AF370019F1E8 /* Resources */ = {
			isa = PBXResourcesBuildPhase;
			buildActionMask = 2147483647;
			files = (
			);
			runOnlyForDeploymentPostprocessing = 0;
		};
/* End PBXResourcesBuildPhase section */

/* Begin PBXSourcesBuildPhase section */
		B20111BF2AE1AF360019F1E8 /* Sources */ = {
			isa = PBXSourcesBuildPhase;
			buildActionMask = 2147483647;
			files = (
				B20111F92AE1B1A30019F1E8 /* BookDetailView.swift in Sources */,
				B2B30CC12AE286050069E74F /* BookRow.swift in Sources */,
				B2B30CC32AE289870069E74F /* URLImageView.swift in Sources */,
				B20111C92AE1AF360019F1E8 /* ContentView.swift in Sources */,
				B20111C72AE1AF360019F1E8 /* Bookstore_LuciaApp.swift in Sources */,
				B20111F72AE1B1100019F1E8 /* Book.swift in Sources */,
				B20E42C72AE2A78C0004F074 /* APIManager.swift in Sources */,
			);
			runOnlyForDeploymentPostprocessing = 0;
		};
		B20111CF2AE1AF370019F1E8 /* Sources */ = {
			isa = PBXSourcesBuildPhase;
			buildActionMask = 2147483647;
			files = (
				B20111D82AE1AF370019F1E8 /* Bookstore_LuciaTests.swift in Sources */,
			);
			runOnlyForDeploymentPostprocessing = 0;
		};
		B20111D92AE1AF370019F1E8 /* Sources */ = {
			isa = PBXSourcesBuildPhase;
			buildActionMask = 2147483647;
			files = (
				B20111E42AE1AF370019F1E8 /* Bookstore_LuciaUITestsLaunchTests.swift in Sources */,
				B20111E22AE1AF370019F1E8 /* Bookstore_LuciaUITests.swift in Sources */,
			);
			runOnlyForDeploymentPostprocessing = 0;
		};
/* End PBXSourcesBuildPhase section */

/* Begin PBXTargetDependency section */
		B20111D52AE1AF370019F1E8 /* PBXTargetDependency */ = {
			isa = PBXTargetDependency;
			target = B20111C22AE1AF360019F1E8 /* Bookstore_Lucia */;
			targetProxy = B20111D42AE1AF370019F1E8 /* PBXContainerItemProxy */;
		};
		B20111DF2AE1AF370019F1E8 /* PBXTargetDependency */ = {
			isa = PBXTargetDependency;
			target = B20111C22AE1AF360019F1E8 /* Bookstore_Lucia */;
			targetProxy = B20111DE2AE1AF370019F1E8 /* PBXContainerItemProxy */;
		};
/* End PBXTargetDependency section */

/* Begin PBXVariantGroup section */
		B2B30CBF2AE2802D0069E74F /* Localizable.strings */ = {
			isa = PBXVariantGroup;
			children = (
				B2B30CBE2AE2802D0069E74F /* en */,
			);
			name = Localizable.strings;
			sourceTree = "<group>";
		};
/* End PBXVariantGroup section */

/* Begin XCBuildConfiguration section */
		B20111E52AE1AF370019F1E8 /* Debug */ = {
			isa = XCBuildConfiguration;
			buildSettings = {
				ALWAYS_SEARCH_USER_PATHS = NO;
				ASSETCATALOG_COMPILER_GENERATE_SWIFT_ASSET_SYMBOL_EXTENSIONS = YES;
				CLANG_ANALYZER_NONNULL = YES;
				CLANG_ANALYZER_NUMBER_OBJECT_CONVERSION = YES_AGGRESSIVE;
				CLANG_CXX_LANGUAGE_STANDARD = "gnu++20";
				CLANG_ENABLE_MODULES = YES;
				CLANG_ENABLE_OBJC_ARC = YES;
				CLANG_ENABLE_OBJC_WEAK = YES;
				CLANG_WARN_BLOCK_CAPTURE_AUTORELEASING = YES;
				CLANG_WARN_BOOL_CONVERSION = YES;
				CLANG_WARN_COMMA = YES;
				CLANG_WARN_CONSTANT_CONVERSION = YES;
				CLANG_WARN_DEPRECATED_OBJC_IMPLEMENTATIONS = YES;
				CLANG_WARN_DIRECT_OBJC_ISA_USAGE = YES_ERROR;
				CLANG_WARN_DOCUMENTATION_COMMENTS = YES;
				CLANG_WARN_EMPTY_BODY = YES;
				CLANG_WARN_ENUM_CONVERSION = YES;
				CLANG_WARN_INFINITE_RECURSION = YES;
				CLANG_WARN_INT_CONVERSION = YES;
				CLANG_WARN_NON_LITERAL_NULL_CONVERSION = YES;
				CLANG_WARN_OBJC_IMPLICIT_RETAIN_SELF = YES;
				CLANG_WARN_OBJC_LITERAL_CONVERSION = YES;
				CLANG_WARN_OBJC_ROOT_CLASS = YES_ERROR;
				CLANG_WARN_QUOTED_INCLUDE_IN_FRAMEWORK_HEADER = YES;
				CLANG_WARN_RANGE_LOOP_ANALYSIS = YES;
				CLANG_WARN_STRICT_PROTOTYPES = YES;
				CLANG_WARN_SUSPICIOUS_MOVE = YES;
				CLANG_WARN_UNGUARDED_AVAILABILITY = YES_AGGRESSIVE;
				CLANG_WARN_UNREACHABLE_CODE = YES;
				CLANG_WARN__DUPLICATE_METHOD_MATCH = YES;
				COPY_PHASE_STRIP = NO;
				DEBUG_INFORMATION_FORMAT = dwarf;
				ENABLE_STRICT_OBJC_MSGSEND = YES;
				ENABLE_TESTABILITY = YES;
				ENABLE_USER_SCRIPT_SANDBOXING = YES;
				GCC_C_LANGUAGE_STANDARD = gnu17;
				GCC_DYNAMIC_NO_PIC = NO;
				GCC_NO_COMMON_BLOCKS = YES;
				GCC_OPTIMIZATION_LEVEL = 0;
				GCC_PREPROCESSOR_DEFINITIONS = (
					"DEBUG=1",
					"$(inherited)",
				);
				GCC_WARN_64_TO_32_BIT_CONVERSION = YES;
				GCC_WARN_ABOUT_RETURN_TYPE = YES_ERROR;
				GCC_WARN_UNDECLARED_SELECTOR = YES;
				GCC_WARN_UNINITIALIZED_AUTOS = YES_AGGRESSIVE;
				GCC_WARN_UNUSED_FUNCTION = YES;
				GCC_WARN_UNUSED_VARIABLE = YES;
				IPHONEOS_DEPLOYMENT_TARGET = 17.0;
				LOCALIZATION_PREFERS_STRING_CATALOGS = YES;
				MTL_ENABLE_DEBUG_INFO = INCLUDE_SOURCE;
				MTL_FAST_MATH = YES;
				ONLY_ACTIVE_ARCH = YES;
				SDKROOT = iphoneos;
				SWIFT_ACTIVE_COMPILATION_CONDITIONS = "DEBUG $(inherited)";
				SWIFT_OPTIMIZATION_LEVEL = "-Onone";
			};
			name = Debug;
		};
		B20111E62AE1AF370019F1E8 /* Release */ = {
			isa = XCBuildConfiguration;
			buildSettings = {
				ALWAYS_SEARCH_USER_PATHS = NO;
				ASSETCATALOG_COMPILER_GENERATE_SWIFT_ASSET_SYMBOL_EXTENSIONS = YES;
				CLANG_ANALYZER_NONNULL = YES;
				CLANG_ANALYZER_NUMBER_OBJECT_CONVERSION = YES_AGGRESSIVE;
				CLANG_CXX_LANGUAGE_STANDARD = "gnu++20";
				CLANG_ENABLE_MODULES = YES;
				CLANG_ENABLE_OBJC_ARC = YES;
				CLANG_ENABLE_OBJC_WEAK = YES;
				CLANG_WARN_BLOCK_CAPTURE_AUTORELEASING = YES;
				CLANG_WARN_BOOL_CONVERSION = YES;
				CLANG_WARN_COMMA = YES;
				CLANG_WARN_CONSTANT_CONVERSION = YES;
				CLANG_WARN_DEPRECATED_OBJC_IMPLEMENTATIONS = YES;
				CLANG_WARN_DIRECT_OBJC_ISA_USAGE = YES_ERROR;
				CLANG_WARN_DOCUMENTATION_COMMENTS = YES;
				CLANG_WARN_EMPTY_BODY = YES;
				CLANG_WARN_ENUM_CONVERSION = YES;
				CLANG_WARN_INFINITE_RECURSION = YES;
				CLANG_WARN_INT_CONVERSION = YES;
				CLANG_WARN_NON_LITERAL_NULL_CONVERSION = YES;
				CLANG_WARN_OBJC_IMPLICIT_RETAIN_SELF = YES;
				CLANG_WARN_OBJC_LITERAL_CONVERSION = YES;
				CLANG_WARN_OBJC_ROOT_CLASS = YES_ERROR;
				CLANG_WARN_QUOTED_INCLUDE_IN_FRAMEWORK_HEADER = YES;
				CLANG_WARN_RANGE_LOOP_ANALYSIS = YES;
				CLANG_WARN_STRICT_PROTOTYPES = YES;
				CLANG_WARN_SUSPICIOUS_MOVE = YES;
				CLANG_WARN_UNGUARDED_AVAILABILITY = YES_AGGRESSIVE;
				CLANG_WARN_UNREACHABLE_CODE = YES;
				CLANG_WARN__DUPLICATE_METHOD_MATCH = YES;
				COPY_PHASE_STRIP = NO;
				DEBUG_INFORMATION_FORMAT = "dwarf-with-dsym";
				ENABLE_NS_ASSERTIONS = NO;
				ENABLE_STRICT_OBJC_MSGSEND = YES;
				ENABLE_USER_SCRIPT_SANDBOXING = YES;
				GCC_C_LANGUAGE_STANDARD = gnu17;
				GCC_NO_COMMON_BLOCKS = YES;
				GCC_WARN_64_TO_32_BIT_CONVERSION = YES;
				GCC_WARN_ABOUT_RETURN_TYPE = YES_ERROR;
				GCC_WARN_UNDECLARED_SELECTOR = YES;
				GCC_WARN_UNINITIALIZED_AUTOS = YES_AGGRESSIVE;
				GCC_WARN_UNUSED_FUNCTION = YES;
				GCC_WARN_UNUSED_VARIABLE = YES;
				IPHONEOS_DEPLOYMENT_TARGET = 17.0;
				LOCALIZATION_PREFERS_STRING_CATALOGS = YES;
				MTL_ENABLE_DEBUG_INFO = NO;
				MTL_FAST_MATH = YES;
				SDKROOT = iphoneos;
				SWIFT_COMPILATION_MODE = wholemodule;
				VALIDATE_PRODUCT = YES;
			};
			name = Release;
		};
		B20111E82AE1AF370019F1E8 /* Debug */ = {
			isa = XCBuildConfiguration;
			buildSettings = {
				ASSETCATALOG_COMPILER_APPICON_NAME = AppIcon;
				ASSETCATALOG_COMPILER_GLOBAL_ACCENT_COLOR_NAME = AccentColor;
				CODE_SIGN_STYLE = Automatic;
				CURRENT_PROJECT_VERSION = 1;
				DEVELOPMENT_ASSET_PATHS = "\"Bookstore_Lucia/Preview Content\"";
				DEVELOPMENT_TEAM = LRM3AL75UJ;
				ENABLE_PREVIEWS = YES;
				GENERATE_INFOPLIST_FILE = YES;
				INFOPLIST_FILE = "Bookstore-Lucia-Info.plist";
				INFOPLIST_KEY_CFBundleDisplayName = "";
				INFOPLIST_KEY_LSApplicationCategoryType = "public.app-category.books";
				INFOPLIST_KEY_UIApplicationSceneManifest_Generation = YES;
				INFOPLIST_KEY_UIApplicationSupportsIndirectInputEvents = YES;
				INFOPLIST_KEY_UILaunchScreen_Generation = YES;
				INFOPLIST_KEY_UISupportedInterfaceOrientations_iPad = "UIInterfaceOrientationPortrait UIInterfaceOrientationPortraitUpsideDown UIInterfaceOrientationLandscapeLeft UIInterfaceOrientationLandscapeRight";
				INFOPLIST_KEY_UISupportedInterfaceOrientations_iPhone = "UIInterfaceOrientationPortrait UIInterfaceOrientationLandscapeLeft UIInterfaceOrientationLandscapeRight";
				IPHONEOS_DEPLOYMENT_TARGET = 14.0;
				LD_RUNPATH_SEARCH_PATHS = (
					"$(inherited)",
					"@executable_path/Frameworks",
				);
				MARKETING_VERSION = 1.0;
				PRODUCT_BUNDLE_IDENTIFIER = "mbcp.Bookstore-Lucia";
				PRODUCT_NAME = "$(TARGET_NAME)";
				SWIFT_EMIT_LOC_STRINGS = YES;
				SWIFT_VERSION = 5.0;
				TARGETED_DEVICE_FAMILY = "1,2";
			};
			name = Debug;
		};
		B20111E92AE1AF370019F1E8 /* Release */ = {
			isa = XCBuildConfiguration;
			buildSettings = {
				ASSETCATALOG_COMPILER_APPICON_NAME = AppIcon;
				ASSETCATALOG_COMPILER_GLOBAL_ACCENT_COLOR_NAME = AccentColor;
				CODE_SIGN_STYLE = Automatic;
				CURRENT_PROJECT_VERSION = 1;
				DEVELOPMENT_ASSET_PATHS = "\"Bookstore_Lucia/Preview Content\"";
				DEVELOPMENT_TEAM = LRM3AL75UJ;
				ENABLE_PREVIEWS = YES;
				GENERATE_INFOPLIST_FILE = YES;
				INFOPLIST_FILE = "Bookstore-Lucia-Info.plist";
				INFOPLIST_KEY_CFBundleDisplayName = "";
				INFOPLIST_KEY_LSApplicationCategoryType = "public.app-category.books";
				INFOPLIST_KEY_UIApplicationSceneManifest_Generation = YES;
				INFOPLIST_KEY_UIApplicationSupportsIndirectInputEvents = YES;
				INFOPLIST_KEY_UILaunchScreen_Generation = YES;
				INFOPLIST_KEY_UISupportedInterfaceOrientations_iPad = "UIInterfaceOrientationPortrait UIInterfaceOrientationPortraitUpsideDown UIInterfaceOrientationLandscapeLeft UIInterfaceOrientationLandscapeRight";
				INFOPLIST_KEY_UISupportedInterfaceOrientations_iPhone = "UIInterfaceOrientationPortrait UIInterfaceOrientationLandscapeLeft UIInterfaceOrientationLandscapeRight";
				IPHONEOS_DEPLOYMENT_TARGET = 14.0;
				LD_RUNPATH_SEARCH_PATHS = (
					"$(inherited)",
					"@executable_path/Frameworks",
				);
				MARKETING_VERSION = 1.0;
				PRODUCT_BUNDLE_IDENTIFIER = "mbcp.Bookstore-Lucia";
				PRODUCT_NAME = "$(TARGET_NAME)";
				SWIFT_EMIT_LOC_STRINGS = YES;
				SWIFT_VERSION = 5.0;
				TARGETED_DEVICE_FAMILY = "1,2";
			};
			name = Release;
		};
		B20111EB2AE1AF370019F1E8 /* Debug */ = {
			isa = XCBuildConfiguration;
			buildSettings = {
				ALWAYS_EMBED_SWIFT_STANDARD_LIBRARIES = YES;
				BUNDLE_LOADER = "$(TEST_HOST)";
				CODE_SIGN_STYLE = Automatic;
				CURRENT_PROJECT_VERSION = 1;
				DEVELOPMENT_TEAM = LRM3AL75UJ;
				GENERATE_INFOPLIST_FILE = YES;
				INFOPLIST_FILE = "Bookstore-LuciaTests-Info.plist";
				IPHONEOS_DEPLOYMENT_TARGET = 17.0;
				MARKETING_VERSION = 1.0;
				PRODUCT_BUNDLE_IDENTIFIER = "mbcp.Bookstore-LuciaTests";
				PRODUCT_NAME = "$(TARGET_NAME)";
				SWIFT_EMIT_LOC_STRINGS = NO;
				SWIFT_VERSION = 5.0;
				TARGETED_DEVICE_FAMILY = "1,2";
				TEST_HOST = "$(BUILT_PRODUCTS_DIR)/Bookstore_Lucia.app/$(BUNDLE_EXECUTABLE_FOLDER_PATH)/Bookstore_Lucia";
			};
			name = Debug;
		};
		B20111EC2AE1AF370019F1E8 /* Release */ = {
			isa = XCBuildConfiguration;
			buildSettings = {
				ALWAYS_EMBED_SWIFT_STANDARD_LIBRARIES = YES;
				BUNDLE_LOADER = "$(TEST_HOST)";
				CODE_SIGN_STYLE = Automatic;
				CURRENT_PROJECT_VERSION = 1;
				DEVELOPMENT_TEAM = LRM3AL75UJ;
				GENERATE_INFOPLIST_FILE = YES;
				INFOPLIST_FILE = "Bookstore-LuciaTests-Info.plist";
				IPHONEOS_DEPLOYMENT_TARGET = 17.0;
				MARKETING_VERSION = 1.0;
				PRODUCT_BUNDLE_IDENTIFIER = "mbcp.Bookstore-LuciaTests";
				PRODUCT_NAME = "$(TARGET_NAME)";
				SWIFT_EMIT_LOC_STRINGS = NO;
				SWIFT_VERSION = 5.0;
				TARGETED_DEVICE_FAMILY = "1,2";
				TEST_HOST = "$(BUILT_PRODUCTS_DIR)/Bookstore_Lucia.app/$(BUNDLE_EXECUTABLE_FOLDER_PATH)/Bookstore_Lucia";
			};
			name = Release;
		};
		B20111EE2AE1AF370019F1E8 /* Debug */ = {
			isa = XCBuildConfiguration;
			buildSettings = {
				ALWAYS_EMBED_SWIFT_STANDARD_LIBRARIES = YES;
				CODE_SIGN_STYLE = Automatic;
				CURRENT_PROJECT_VERSION = 1;
				DEVELOPMENT_TEAM = LRM3AL75UJ;
				GENERATE_INFOPLIST_FILE = YES;
				INFOPLIST_FILE = "Bookstore-LuciaUITests-Info.plist";
				MARKETING_VERSION = 1.0;
				PRODUCT_BUNDLE_IDENTIFIER = "mbcp.Bookstore-LuciaUITests";
				PRODUCT_NAME = "$(TARGET_NAME)";
				SWIFT_EMIT_LOC_STRINGS = NO;
				SWIFT_VERSION = 5.0;
				TARGETED_DEVICE_FAMILY = "1,2";
				TEST_TARGET_NAME = Bookstore_Lucia;
			};
			name = Debug;
		};
		B20111EF2AE1AF370019F1E8 /* Release */ = {
			isa = XCBuildConfiguration;
			buildSettings = {
				ALWAYS_EMBED_SWIFT_STANDARD_LIBRARIES = YES;
				CODE_SIGN_STYLE = Automatic;
				CURRENT_PROJECT_VERSION = 1;
				DEVELOPMENT_TEAM = LRM3AL75UJ;
				GENERATE_INFOPLIST_FILE = YES;
				INFOPLIST_FILE = "Bookstore-LuciaUITests-Info.plist";
				MARKETING_VERSION = 1.0;
				PRODUCT_BUNDLE_IDENTIFIER = "mbcp.Bookstore-LuciaUITests";
				PRODUCT_NAME = "$(TARGET_NAME)";
				SWIFT_EMIT_LOC_STRINGS = NO;
				SWIFT_VERSION = 5.0;
				TARGETED_DEVICE_FAMILY = "1,2";
				TEST_TARGET_NAME = Bookstore_Lucia;
			};
			name = Release;
		};
/* End XCBuildConfiguration section */

/* Begin XCConfigurationList section */
		B20111BE2AE1AF360019F1E8 /* Build configuration list for PBXProject "Bookstore_Lucia" */ = {
			isa = XCConfigurationList;
			buildConfigurations = (
				B20111E52AE1AF370019F1E8 /* Debug */,
				B20111E62AE1AF370019F1E8 /* Release */,
			);
			defaultConfigurationIsVisible = 0;
			defaultConfigurationName = Release;
		};
		B20111E72AE1AF370019F1E8 /* Build configuration list for PBXNativeTarget "Bookstore_Lucia" */ = {
			isa = XCConfigurationList;
			buildConfigurations = (
				B20111E82AE1AF370019F1E8 /* Debug */,
				B20111E92AE1AF370019F1E8 /* Release */,
			);
			defaultConfigurationIsVisible = 0;
			defaultConfigurationName = Release;
		};
		B20111EA2AE1AF370019F1E8 /* Build configuration list for PBXNativeTarget "Bookstore_LuciaTests" */ = {
			isa = XCConfigurationList;
			buildConfigurations = (
				B20111EB2AE1AF370019F1E8 /* Debug */,
				B20111EC2AE1AF370019F1E8 /* Release */,
			);
			defaultConfigurationIsVisible = 0;
			defaultConfigurationName = Release;
		};
		B20111ED2AE1AF370019F1E8 /* Build configuration list for PBXNativeTarget "Bookstore_LuciaUITests" */ = {
			isa = XCConfigurationList;
			buildConfigurations = (
				B20111EE2AE1AF370019F1E8 /* Debug */,
				B20111EF2AE1AF370019F1E8 /* Release */,
			);
			defaultConfigurationIsVisible = 0;
			defaultConfigurationName = Release;
		};
/* End XCConfigurationList section */

/* Begin XCRemoteSwiftPackageReference section */
		B20111F02AE1AF760019F1E8 /* XCRemoteSwiftPackageReference "Alamofire" */ = {
			isa = XCRemoteSwiftPackageReference;
			repositoryURL = "https://github.com/Alamofire/Alamofire";
			requirement = {
				kind = upToNextMajorVersion;
				minimumVersion = 5.8.0;
			};
		};
/* End XCRemoteSwiftPackageReference section */

/* Begin XCSwiftPackageProductDependency section */
		B20111F12AE1AF760019F1E8 /* Alamofire */ = {
			isa = XCSwiftPackageProductDependency;
			package = B20111F02AE1AF760019F1E8 /* XCRemoteSwiftPackageReference "Alamofire" */;
			productName = Alamofire;
		};
/* End XCSwiftPackageProductDependency section */
	};
	rootObject = B20111BB2AE1AF360019F1E8 /* Project object */;
}
